
Microsoft Visual Studio Solution File, Format Version 12.00
# Visual Studio Version 17
VisualStudioVersion = 17.0.31903.59
MinimumVisualStudioVersion = 10.0.40219.1
Project("{2150E333-8FDC-42A3-9474-1A3956D46DE8}") = "src", "src", "{827E0CD3-B72D-47B6-A68D-7590B98EB39B}"
EndProject
Project("{FAE04EC0-301F-11D3-BF4B-00C04F79EFBC}") = "HeroWave", "src\HeroWave\HeroWave.csproj", "{511DA535-2ECD-41FB-9CAD-A957516FB671}"
EndProject
Project("{2150E333-8FDC-42A3-9474-1A3956D46DE8}") = "demo", "demo", "{A39C23D2-F2C0-258D-165A-CF1E7FEE6E7B}"
EndProject
Project("{FAE04EC0-301F-11D3-BF4B-00C04F79EFBC}") = "HeroWave.Demo", "demo\HeroWave.Demo\HeroWave.Demo.csproj", "{1560052A-500B-4A55-9C34-177D7DFD0D9A}"
EndProject
Project("{2150E333-8FDC-42A3-9474-1A3956D46DE8}") = "tests", "tests", "{0AB3BF05-4346-4AA6-1389-037BE0695223}"
EndProject
Project("{FAE04EC0-301F-11D3-BF4B-00C04F79EFBC}") = "HeroWave.Tests", "tests\HeroWave.Tests\HeroWave.Tests.csproj", "{0E04623C-76A0-4C82-A760-674EBF27B66D}"
EndProject
Global
	GlobalSection(SolutionConfigurationPlatforms) = preSolution
		Debug|Any CPU = Debug|Any CPU
		Debug|x64 = Debug|x64
		Debug|x86 = Debug|x86
		Release|Any CPU = Release|Any CPU
		Release|x64 = Release|x64
		Release|x86 = Release|x86
	EndGlobalSection
	GlobalSection(ProjectConfigurationPlatforms) = postSolution
		{511DA535-2ECD-41FB-9CAD-A957516FB671}.Debug|Any CPU.ActiveCfg = Debug|Any CPU
		{511DA535-2ECD-41FB-9CAD-A957516FB671}.Debug|Any CPU.Build.0 = Debug|Any CPU
		{511DA535-2ECD-41FB-9CAD-A957516FB671}.Debug|x64.ActiveCfg = Debug|Any CPU
		{511DA535-2ECD-41FB-9CAD-A957516FB671}.Debug|x64.Build.0 = Debug|Any CPU
		{511DA535-2ECD-41FB-9CAD-A957516FB671}.Debug|x86.ActiveCfg = Debug|Any CPU
		{511DA535-2ECD-41FB-9CAD-A957516FB671}.Debug|x86.Build.0 = Debug|Any CPU
		{511DA535-2ECD-41FB-9CAD-A957516FB671}.Release|Any CPU.ActiveCfg = Release|Any CPU
		{511DA535-2ECD-41FB-9CAD-A957516FB671}.Release|Any CPU.Build.0 = Release|Any CPU
		{511DA535-2ECD-41FB-9CAD-A957516FB671}.Release|x64.ActiveCfg = Release|Any CPU
		{511DA535-2ECD-41FB-9CAD-A957516FB671}.Release|x64.Build.0 = Release|Any CPU
		{511DA535-2ECD-41FB-9CAD-A957516FB671}.Release|x86.ActiveCfg = Release|Any CPU
		{511DA535-2ECD-41FB-9CAD-A957516FB671}.Release|x86.Build.0 = Release|Any CPU
		{1560052A-500B-4A55-9C34-177D7DFD0D9A}.Debug|Any CPU.ActiveCfg = Debug|Any CPU
		{1560052A-500B-4A55-9C34-177D7DFD0D9A}.Debug|Any CPU.Build.0 = Debug|Any CPU
		{1560052A-500B-4A55-9C34-177D7DFD0D9A}.Debug|x64.ActiveCfg = Debug|Any CPU
		{1560052A-500B-4A55-9C34-177D7DFD0D9A}.Debug|x64.Build.0 = Debug|Any CPU
		{1560052A-500B-4A55-9C34-177D7DFD0D9A}.Debug|x86.ActiveCfg = Debug|Any CPU
		{1560052A-500B-4A55-9C34-177D7DFD0D9A}.Debug|x86.Build.0 = Debug|Any CPU
		{1560052A-500B-4A55-9C34-177D7DFD0D9A}.Release|Any CPU.ActiveCfg = Release|Any CPU
		{1560052A-500B-4A55-9C34-177D7DFD0D9A}.Release|Any CPU.Build.0 = Release|Any CPU
		{1560052A-500B-4A55-9C34-177D7DFD0D9A}.Release|x64.ActiveCfg = Release|Any CPU
		{1560052A-500B-4A55-9C34-177D7DFD0D9A}.Release|x64.Build.0 = Release|Any CPU
		{1560052A-500B-4A55-9C34-177D7DFD0D9A}.Release|x86.ActiveCfg = Release|Any CPU
		{1560052A-500B-4A55-9C34-177D7DFD0D9A}.Release|x86.Build.0 = Release|Any CPU
		{0E04623C-76A0-4C82-A760-674EBF27B66D}.Debug|Any CPU.ActiveCfg = Debug|Any CPU
		{0E04623C-76A0-4C82-A760-674EBF27B66D}.Debug|Any CPU.Build.0 = Debug|Any CPU
		{0E04623C-76A0-4C82-A760-674EBF27B66D}.Debug|x64.ActiveCfg = Debug|Any CPU
		{0E04623C-76A0-4C82-A760-674EBF27B66D}.Debug|x64.Build.0 = Debug|Any CPU
		{0E04623C-76A0-4C82-A760-674EBF27B66D}.Debug|x86.ActiveCfg = Debug|Any CPU
		{0E04623C-76A0-4C82-A760-674EBF27B66D}.Debug|x86.Build.0 = Debug|Any CPU
		{0E04623C-76A0-4C82-A760-674EBF27B66D}.Release|Any CPU.ActiveCfg = Release|Any CPU
		{0E04623C-76A0-4C82-A760-674EBF27B66D}.Release|Any CPU.Build.0 = Release|Any CPU
		{0E04623C-76A0-4C82-A760-674EBF27B66D}.Release|x64.ActiveCfg = Release|Any CPU
		{0E04623C-76A0-4C82-A760-674EBF27B66D}.Release|x64.Build.0 = Release|Any CPU
		{0E04623C-76A0-4C82-A760-674EBF27B66D}.Release|x86.ActiveCfg = Release|Any CPU
		{0E04623C-76A0-4C82-A760-674EBF27B66D}.Release|x86.Build.0 = Release|Any CPU
	EndGlobalSection
	GlobalSection(SolutionProperties) = preSolution
		HideSolutionNode = FALSE
	EndGlobalSection
	GlobalSection(NestedProjects) = preSolution
		{511DA535-2ECD-41FB-9CAD-A957516FB671} = {827E0CD3-B72D-47B6-A68D-7590B98EB39B}
		{1560052A-500B-4A55-9C34-177D7DFD0D9A} = {A39C23D2-F2C0-258D-165A-CF1E7FEE6E7B}
		{0E04623C-76A0-4C82-A760-674EBF27B66D} = {0AB3BF05-4346-4AA6-1389-037BE0695223}
	EndGlobalSection
EndGlobal
